{
  "object": {
    "pins": [
      {
        "package": "WelcomeWindow",
        "repositoryURL": "https://github.com/JUSTINMKAUFMAN/WelcomeWindow.git",
        "state": {
          "branch": null,
          "revision": "f4db2f8d7c11a37b981d98797eca69e5f56ee483",
          "version": "1.1.7"
        }
      }
    ]
  },
  "version": 1
}
