{
  "object": {
    "pins": [
      {
        "package": "WelcomeWindow",
        "repositoryURL": "https://github.com/JUSTINMKAUFMAN/WelcomeWindow.git",
        "state": {
          "branch": null,
          "revision": "a97918c80a7952fe096647907b22aaea7e895219",
          "version": "1.4.0"
        }
      }
    ]
  },
  "version": 1
}
