{
  "object": {
    "pins": [
      {
        "package": "WelcomeWindow",
        "repositoryURL": "https://github.com/JUSTINMKAUFMAN/WelcomeWindow.git",
        "state": {
          "branch": null,
          "revision": "d42d59f7cae115aa99ca6781933855b073b6455f",
          "version": "1.0.3"
        }
      }
    ]
  },
  "version": 1
}
